
Microsoft Visual Studio Solution File, Format Version 12.00
# Visual Studio Version 17
VisualStudioVersion = 17.10.35027.167
MinimumVisualStudioVersion = 10.0.40219.1
Project("{FAE04EC0-301F-11D3-BF4B-00C04F79EFBC}") = "Week3", "Week3\Week3.csproj", "{171CD109-BFDE-4EB9-997E-D8F1FFD5D3AA}"
EndProject
Global
	GlobalSection(SolutionConfigurationPlatforms) = preSolution
		Debug|Any CPU = Debug|Any CPU
		Release|Any CPU = Release|Any CPU
	EndGlobalSection
	GlobalSection(ProjectConfigurationPlatforms) = postSolution
		{171CD109-BFDE-4EB9-997E-D8F1FFD5D3AA}.Debug|Any CPU.ActiveCfg = Debug|Any CPU
		{171CD109-BFDE-4EB9-997E-D8F1FFD5D3AA}.Debug|Any CPU.Build.0 = Debug|Any CPU
		{171CD109-BFDE-4EB9-997E-D8F1FFD5D3AA}.Release|Any CPU.ActiveCfg = Release|Any CPU
		{171CD109-BFDE-4EB9-997E-D8F1FFD5D3AA}.Release|Any CPU.Build.0 = Release|Any CPU
	EndGlobalSection
	GlobalSection(SolutionProperties) = preSolution
		HideSolutionNode = FALSE
	EndGlobalSection
	GlobalSection(ExtensibilityGlobals) = postSolution
		SolutionGuid = {473DFCF7-F14F-4352-9BD0-F061C1843F28}
	EndGlobalSection
EndGlobal
