
Microsoft Visual Studio Solution File, Format Version 12.00
# Visual Studio Version 17
VisualStudioVersion = 17.5.002.0
MinimumVisualStudioVersion = 10.0.40219.1
Project("{2150E333-8FDC-42A3-9474-1A3956D46DE8}") = "week1", "week1", "{F161CD4F-C4F9-49FC-9F64-F232DE5CC680}"
EndProject
Project("{9A19103F-16F7-4668-BE54-9A1E7A4F7556}") = "Week1_Amarnath", "week1\Week1_Amarnath\Week1_Amarnath.csproj", "{5BFA75F3-06F5-4216-85D3-56E13633DB9E}"
EndProject
Global
	GlobalSection(SolutionConfigurationPlatforms) = preSolution
		Debug|Any CPU = Debug|Any CPU
		Release|Any CPU = Release|Any CPU
	EndGlobalSection
	GlobalSection(ProjectConfigurationPlatforms) = postSolution
		{5BFA75F3-06F5-4216-85D3-56E13633DB9E}.Debug|Any CPU.ActiveCfg = Debug|Any CPU
		{5BFA75F3-06F5-4216-85D3-56E13633DB9E}.Debug|Any CPU.Build.0 = Debug|Any CPU
		{5BFA75F3-06F5-4216-85D3-56E13633DB9E}.Release|Any CPU.ActiveCfg = Release|Any CPU
		{5BFA75F3-06F5-4216-85D3-56E13633DB9E}.Release|Any CPU.Build.0 = Release|Any CPU
	EndGlobalSection
	GlobalSection(SolutionProperties) = preSolution
		HideSolutionNode = FALSE
	EndGlobalSection
	GlobalSection(NestedProjects) = preSolution
		{5BFA75F3-06F5-4216-85D3-56E13633DB9E} = {F161CD4F-C4F9-49FC-9F64-F232DE5CC680}
	EndGlobalSection
	GlobalSection(ExtensibilityGlobals) = postSolution
		SolutionGuid = {7D8FA9AC-788A-49F5-B7B4-1524163B2AC9}
	EndGlobalSection
EndGlobal
