
Microsoft Visual Studio Solution File, Format Version 12.00
# Visual Studio Version 17
VisualStudioVersion = 17.10.35125.145
MinimumVisualStudioVersion = 10.0.40219.1
Project("{FAE04EC0-301F-11D3-BF4B-00C04F79EFBC}") = "AmnaWeek2-Training2", "AmnaWeek2-Training2\AmnaWeek2-Training2.csproj", "{4955944E-A2F3-41CD-906C-9608097874DC}"
EndProject
Global
	GlobalSection(SolutionConfigurationPlatforms) = preSolution
		Debug|Any CPU = Debug|Any CPU
		Release|Any CPU = Release|Any CPU
	EndGlobalSection
	GlobalSection(ProjectConfigurationPlatforms) = postSolution
		{4955944E-A2F3-41CD-906C-9608097874DC}.Debug|Any CPU.ActiveCfg = Debug|Any CPU
		{4955944E-A2F3-41CD-906C-9608097874DC}.Debug|Any CPU.Build.0 = Debug|Any CPU
		{4955944E-A2F3-41CD-906C-9608097874DC}.Release|Any CPU.ActiveCfg = Release|Any CPU
		{4955944E-A2F3-41CD-906C-9608097874DC}.Release|Any CPU.Build.0 = Release|Any CPU
	EndGlobalSection
	GlobalSection(SolutionProperties) = preSolution
		HideSolutionNode = FALSE
	EndGlobalSection
	GlobalSection(ExtensibilityGlobals) = postSolution
		SolutionGuid = {60622BE7-B22B-446B-B2D0-FA4D019E2A11}
	EndGlobalSection
EndGlobal
