
Microsoft Visual Studio Solution File, Format Version 12.00
# Visual Studio Version 17
VisualStudioVersion = 17.12.35130.192
MinimumVisualStudioVersion = 10.0.40219.1
Project("{FAE04EC0-301F-11D3-BF4B-00C04F79EFBC}") = "ConsoleApp2", "ConsoleApp2\ConsoleApp2.csproj", "{C89971D5-5B47-47E5-B8E7-98AF5EA20928}"
EndProject
Global
	GlobalSection(SolutionConfigurationPlatforms) = preSolution
		Debug|Any CPU = Debug|Any CPU
		Release|Any CPU = Release|Any CPU
	EndGlobalSection
	GlobalSection(ProjectConfigurationPlatforms) = postSolution
		{C89971D5-5B47-47E5-B8E7-98AF5EA20928}.Debug|Any CPU.ActiveCfg = Debug|Any CPU
		{C89971D5-5B47-47E5-B8E7-98AF5EA20928}.Debug|Any CPU.Build.0 = Debug|Any CPU
		{C89971D5-5B47-47E5-B8E7-98AF5EA20928}.Release|Any CPU.ActiveCfg = Release|Any CPU
		{C89971D5-5B47-47E5-B8E7-98AF5EA20928}.Release|Any CPU.Build.0 = Release|Any CPU
	EndGlobalSection
	GlobalSection(SolutionProperties) = preSolution
		HideSolutionNode = FALSE
	EndGlobalSection
	GlobalSection(ExtensibilityGlobals) = postSolution
		SolutionGuid = {D0215E0D-6E89-4D8B-BB72-3DB1B33D0357}
	EndGlobalSection
EndGlobal
