
Microsoft Visual Studio Solution File, Format Version 12.00
# Visual Studio Version 17
VisualStudioVersion = 17.11.35117.219
MinimumVisualStudioVersion = 10.0.40219.1
Project("{9A19103F-16F7-4668-BE54-9A1E7A4F7556}") = "Calculator", "Calculator.csproj", "{CAB6AC3F-08A9-4F15-88BC-3681EBD2FEFC}"
EndProject
Global
	GlobalSection(SolutionConfigurationPlatforms) = preSolution
		Debug|Any CPU = Debug|Any CPU
		Release|Any CPU = Release|Any CPU
	EndGlobalSection
	GlobalSection(ProjectConfigurationPlatforms) = postSolution
		{CAB6AC3F-08A9-4F15-88BC-3681EBD2FEFC}.Debug|Any CPU.ActiveCfg = Debug|Any CPU
		{CAB6AC3F-08A9-4F15-88BC-3681EBD2FEFC}.Debug|Any CPU.Build.0 = Debug|Any CPU
		{CAB6AC3F-08A9-4F15-88BC-3681EBD2FEFC}.Release|Any CPU.ActiveCfg = Release|Any CPU
		{CAB6AC3F-08A9-4F15-88BC-3681EBD2FEFC}.Release|Any CPU.Build.0 = Release|Any CPU
	EndGlobalSection
	GlobalSection(SolutionProperties) = preSolution
		HideSolutionNode = FALSE
	EndGlobalSection
	GlobalSection(ExtensibilityGlobals) = postSolution
		SolutionGuid = {6CA63672-7BA2-4DCB-9B2F-679C9765400F}
	EndGlobalSection
EndGlobal
