
Microsoft Visual Studio Solution File, Format Version 12.00
# Visual Studio Version 17
VisualStudioVersion = 17.12.35128.10
MinimumVisualStudioVersion = 10.0.40219.1
Project("{FAE04EC0-301F-11D3-BF4B-00C04F79EFBC}") = "WinFormsApp234", "WinFormsApp234\WinFormsApp234.csproj", "{718A750A-BBAC-46C3-B1F1-260934DB5C50}"
EndProject
Global
	GlobalSection(SolutionConfigurationPlatforms) = preSolution
		Debug|Any CPU = Debug|Any CPU
		Release|Any CPU = Release|Any CPU
	EndGlobalSection
	GlobalSection(ProjectConfigurationPlatforms) = postSolution
		{718A750A-BBAC-46C3-B1F1-260934DB5C50}.Debug|Any CPU.ActiveCfg = Debug|Any CPU
		{718A750A-BBAC-46C3-B1F1-260934DB5C50}.Debug|Any CPU.Build.0 = Debug|Any CPU
		{718A750A-BBAC-46C3-B1F1-260934DB5C50}.Release|Any CPU.ActiveCfg = Release|Any CPU
		{718A750A-BBAC-46C3-B1F1-260934DB5C50}.Release|Any CPU.Build.0 = Release|Any CPU
	EndGlobalSection
	GlobalSection(SolutionProperties) = preSolution
		HideSolutionNode = FALSE
	EndGlobalSection
	GlobalSection(ExtensibilityGlobals) = postSolution
		SolutionGuid = {B4A3053A-CD0B-4B98-B7F8-71AAC03ACE82}
	EndGlobalSection
EndGlobal
