
Microsoft Visual Studio Solution File, Format Version 12.00
# Visual Studio Version 17
VisualStudioVersion = 17.10.35201.131
MinimumVisualStudioVersion = 10.0.40219.1
Project("{FAE04EC0-301F-11D3-BF4B-00C04F79EFBC}") = "Nat", "Nat\Nat.csproj", "{852295D7-5F62-4981-8F64-71AC3D20237B}"
EndProject
Global
	GlobalSection(SolutionConfigurationPlatforms) = preSolution
		Debug|Any CPU = Debug|Any CPU
		Release|Any CPU = Release|Any CPU
	EndGlobalSection
	GlobalSection(ProjectConfigurationPlatforms) = postSolution
		{852295D7-5F62-4981-8F64-71AC3D20237B}.Debug|Any CPU.ActiveCfg = Debug|Any CPU
		{852295D7-5F62-4981-8F64-71AC3D20237B}.Debug|Any CPU.Build.0 = Debug|Any CPU
		{852295D7-5F62-4981-8F64-71AC3D20237B}.Release|Any CPU.ActiveCfg = Release|Any CPU
		{852295D7-5F62-4981-8F64-71AC3D20237B}.Release|Any CPU.Build.0 = Release|Any CPU
	EndGlobalSection
	GlobalSection(SolutionProperties) = preSolution
		HideSolutionNode = FALSE
	EndGlobalSection
	GlobalSection(ExtensibilityGlobals) = postSolution
		SolutionGuid = {C03C955B-5B68-4478-A685-B5C557000364}
	EndGlobalSection
EndGlobal
