
Microsoft Visual Studio Solution File, Format Version 12.00
# Visual Studio Version 17
VisualStudioVersion = 17.10.35122.118
MinimumVisualStudioVersion = 10.0.40219.1
Project("{FAE04EC0-301F-11D3-BF4B-00C04F79EFBC}") = "Diamond_Shape", "Diamond_Shape\Diamond_Shape.csproj", "{4A3E0EB4-5536-424E-A19D-D4BC8D358679}"
EndProject
Project("{FAE04EC0-301F-11D3-BF4B-00C04F79EFBC}") = "Count_Say", "Count_Say\Count_Say.csproj", "{27DA874D-0778-4699-899D-C3C52C738741}"
EndProject
Project("{FAE04EC0-301F-11D3-BF4B-00C04F79EFBC}") = "Calculator", "Calculator\Calculator.csproj", "{3BA61E9C-568E-4431-AC0D-B07126142185}"
EndProject
Global
	GlobalSection(SolutionConfigurationPlatforms) = preSolution
		Debug|Any CPU = Debug|Any CPU
		Release|Any CPU = Release|Any CPU
	EndGlobalSection
	GlobalSection(ProjectConfigurationPlatforms) = postSolution
		{4A3E0EB4-5536-424E-A19D-D4BC8D358679}.Debug|Any CPU.ActiveCfg = Debug|Any CPU
		{4A3E0EB4-5536-424E-A19D-D4BC8D358679}.Debug|Any CPU.Build.0 = Debug|Any CPU
		{4A3E0EB4-5536-424E-A19D-D4BC8D358679}.Release|Any CPU.ActiveCfg = Release|Any CPU
		{4A3E0EB4-5536-424E-A19D-D4BC8D358679}.Release|Any CPU.Build.0 = Release|Any CPU
		{27DA874D-0778-4699-899D-C3C52C738741}.Debug|Any CPU.ActiveCfg = Debug|Any CPU
		{27DA874D-0778-4699-899D-C3C52C738741}.Debug|Any CPU.Build.0 = Debug|Any CPU
		{27DA874D-0778-4699-899D-C3C52C738741}.Release|Any CPU.ActiveCfg = Release|Any CPU
		{27DA874D-0778-4699-899D-C3C52C738741}.Release|Any CPU.Build.0 = Release|Any CPU
		{3BA61E9C-568E-4431-AC0D-B07126142185}.Debug|Any CPU.ActiveCfg = Debug|Any CPU
		{3BA61E9C-568E-4431-AC0D-B07126142185}.Debug|Any CPU.Build.0 = Debug|Any CPU
		{3BA61E9C-568E-4431-AC0D-B07126142185}.Release|Any CPU.ActiveCfg = Release|Any CPU
		{3BA61E9C-568E-4431-AC0D-B07126142185}.Release|Any CPU.Build.0 = Release|Any CPU
	EndGlobalSection
	GlobalSection(SolutionProperties) = preSolution
		HideSolutionNode = FALSE
	EndGlobalSection
	GlobalSection(ExtensibilityGlobals) = postSolution
		SolutionGuid = {30E167B0-2143-4458-8D11-46B3C0BB540D}
	EndGlobalSection
EndGlobal
