
Microsoft Visual Studio Solution File, Format Version 12.00
# Visual Studio Version 17
VisualStudioVersion = 17.12.35211.13
MinimumVisualStudioVersion = 10.0.40219.1
Project("{FAE04EC0-301F-11D3-BF4B-00C04F79EFBC}") = "TwoSum", "TwoSum\TwoSum.csproj", "{1AF6028A-6698-4845-9DB2-D52DB89BFBBE}"
EndProject
Global
	GlobalSection(SolutionConfigurationPlatforms) = preSolution
		Debug|Any CPU = Debug|Any CPU
		Release|Any CPU = Release|Any CPU
	EndGlobalSection
	GlobalSection(ProjectConfigurationPlatforms) = postSolution
		{1AF6028A-6698-4845-9DB2-D52DB89BFBBE}.Debug|Any CPU.ActiveCfg = Debug|Any CPU
		{1AF6028A-6698-4845-9DB2-D52DB89BFBBE}.Debug|Any CPU.Build.0 = Debug|Any CPU
		{1AF6028A-6698-4845-9DB2-D52DB89BFBBE}.Release|Any CPU.ActiveCfg = Release|Any CPU
		{1AF6028A-6698-4845-9DB2-D52DB89BFBBE}.Release|Any CPU.Build.0 = Release|Any CPU
	EndGlobalSection
	GlobalSection(SolutionProperties) = preSolution
		HideSolutionNode = FALSE
	EndGlobalSection
	GlobalSection(ExtensibilityGlobals) = postSolution
		SolutionGuid = {A24BA9D5-7D3C-4C0F-9AEF-43742E7324C3}
	EndGlobalSection
EndGlobal
