
Microsoft Visual Studio Solution File, Format Version 12.00
# Visual Studio Version 17
VisualStudioVersion = 17.11.35020.138
MinimumVisualStudioVersion = 10.0.40219.1
Project("{9A19103F-16F7-4668-BE54-9A1E7A4F7556}") = "Syareel Sequence", "Syareel Sequence.csproj", "{13557D8C-A8D1-47DE-B9CC-34DE9F1ACCED}"
EndProject
Global
	GlobalSection(SolutionConfigurationPlatforms) = preSolution
		Debug|Any CPU = Debug|Any CPU
		Release|Any CPU = Release|Any CPU
	EndGlobalSection
	GlobalSection(ProjectConfigurationPlatforms) = postSolution
		{13557D8C-A8D1-47DE-B9CC-34DE9F1ACCED}.Debug|Any CPU.ActiveCfg = Debug|Any CPU
		{13557D8C-A8D1-47DE-B9CC-34DE9F1ACCED}.Debug|Any CPU.Build.0 = Debug|Any CPU
		{13557D8C-A8D1-47DE-B9CC-34DE9F1ACCED}.Release|Any CPU.ActiveCfg = Release|Any CPU
		{13557D8C-A8D1-47DE-B9CC-34DE9F1ACCED}.Release|Any CPU.Build.0 = Release|Any CPU
	EndGlobalSection
	GlobalSection(SolutionProperties) = preSolution
		HideSolutionNode = FALSE
	EndGlobalSection
	GlobalSection(ExtensibilityGlobals) = postSolution
		SolutionGuid = {100412E6-5D77-4D91-B75C-1A9D79831180}
	EndGlobalSection
EndGlobal
