
Microsoft Visual Studio Solution File, Format Version 12.00
# Visual Studio Version 17
VisualStudioVersion = 17.11.35117.219
MinimumVisualStudioVersion = 10.0.40219.1
Project("{9A19103F-16F7-4668-BE54-9A1E7A4F7556}") = "Diamond", "Diamond.csproj", "{BB09AB25-22A0-42EF-98EF-FFBA76D6C2FD}"
EndProject
Global
	GlobalSection(SolutionConfigurationPlatforms) = preSolution
		Debug|Any CPU = Debug|Any CPU
		Release|Any CPU = Release|Any CPU
	EndGlobalSection
	GlobalSection(ProjectConfigurationPlatforms) = postSolution
		{BB09AB25-22A0-42EF-98EF-FFBA76D6C2FD}.Debug|Any CPU.ActiveCfg = Debug|Any CPU
		{BB09AB25-22A0-42EF-98EF-FFBA76D6C2FD}.Debug|Any CPU.Build.0 = Debug|Any CPU
		{BB09AB25-22A0-42EF-98EF-FFBA76D6C2FD}.Release|Any CPU.ActiveCfg = Release|Any CPU
		{BB09AB25-22A0-42EF-98EF-FFBA76D6C2FD}.Release|Any CPU.Build.0 = Release|Any CPU
	EndGlobalSection
	GlobalSection(SolutionProperties) = preSolution
		HideSolutionNode = FALSE
	EndGlobalSection
	GlobalSection(ExtensibilityGlobals) = postSolution
		SolutionGuid = {9A5B50A3-01EF-4A22-9805-66230469DFF0}
	EndGlobalSection
EndGlobal
