
Microsoft Visual Studio Solution File, Format Version 12.00
# Visual Studio Version 17
VisualStudioVersion = 17.10.35027.167
MinimumVisualStudioVersion = 10.0.40219.1
Project("{FAE04EC0-301F-11D3-BF4B-00C04F79EFBC}") = "amirul_count", "amirul_count\amirul_count.csproj", "{3D14FBA8-88EB-4A6C-B61A-2E58555F5BD5}"
EndProject
Global
	GlobalSection(SolutionConfigurationPlatforms) = preSolution
		Debug|Any CPU = Debug|Any CPU
		Release|Any CPU = Release|Any CPU
	EndGlobalSection
	GlobalSection(ProjectConfigurationPlatforms) = postSolution
		{3D14FBA8-88EB-4A6C-B61A-2E58555F5BD5}.Debug|Any CPU.ActiveCfg = Debug|Any CPU
		{3D14FBA8-88EB-4A6C-B61A-2E58555F5BD5}.Debug|Any CPU.Build.0 = Debug|Any CPU
		{3D14FBA8-88EB-4A6C-B61A-2E58555F5BD5}.Release|Any CPU.ActiveCfg = Release|Any CPU
		{3D14FBA8-88EB-4A6C-B61A-2E58555F5BD5}.Release|Any CPU.Build.0 = Release|Any CPU
	EndGlobalSection
	GlobalSection(SolutionProperties) = preSolution
		HideSolutionNode = FALSE
	EndGlobalSection
	GlobalSection(ExtensibilityGlobals) = postSolution
		SolutionGuid = {0F774F89-0143-4CFC-84BA-29E5CE29497F}
	EndGlobalSection
EndGlobal
