
Microsoft Visual Studio Solution File, Format Version 12.00
# Visual Studio Version 17
VisualStudioVersion = 17.10.35027.167
MinimumVisualStudioVersion = 10.0.40219.1
Project("{FAE04EC0-301F-11D3-BF4B-00C04F79EFBC}") = "Week1_Amirul_Aiman", "Week1_Amirul_Aiman\Week1_Amirul_Aiman.csproj", "{3CCA31A9-0D86-4BF3-9087-7FBED98380B2}"
EndProject
Global
	GlobalSection(SolutionConfigurationPlatforms) = preSolution
		Debug|Any CPU = Debug|Any CPU
		Release|Any CPU = Release|Any CPU
	EndGlobalSection
	GlobalSection(ProjectConfigurationPlatforms) = postSolution
		{3CCA31A9-0D86-4BF3-9087-7FBED98380B2}.Debug|Any CPU.ActiveCfg = Debug|Any CPU
		{3CCA31A9-0D86-4BF3-9087-7FBED98380B2}.Debug|Any CPU.Build.0 = Debug|Any CPU
		{3CCA31A9-0D86-4BF3-9087-7FBED98380B2}.Release|Any CPU.ActiveCfg = Release|Any CPU
		{3CCA31A9-0D86-4BF3-9087-7FBED98380B2}.Release|Any CPU.Build.0 = Release|Any CPU
	EndGlobalSection
	GlobalSection(SolutionProperties) = preSolution
		HideSolutionNode = FALSE
	EndGlobalSection
	GlobalSection(ExtensibilityGlobals) = postSolution
		SolutionGuid = {FECEDFFB-0BA5-45AE-B848-C2D6C2019F34}
	EndGlobalSection
EndGlobal
