
Microsoft Visual Studio Solution File, Format Version 12.00
# Visual Studio Version 17
VisualStudioVersion = 17.11.35020.138
MinimumVisualStudioVersion = 10.0.40219.1
Project("{9A19103F-16F7-4668-BE54-9A1E7A4F7556}") = "Syareel Calculator", "Syareel Calculator.csproj", "{0C95A6FA-3BFA-4487-93DC-7A2249B1DB84}"
EndProject
Global
	GlobalSection(SolutionConfigurationPlatforms) = preSolution
		Debug|Any CPU = Debug|Any CPU
		Release|Any CPU = Release|Any CPU
	EndGlobalSection
	GlobalSection(ProjectConfigurationPlatforms) = postSolution
		{0C95A6FA-3BFA-4487-93DC-7A2249B1DB84}.Debug|Any CPU.ActiveCfg = Debug|Any CPU
		{0C95A6FA-3BFA-4487-93DC-7A2249B1DB84}.Debug|Any CPU.Build.0 = Debug|Any CPU
		{0C95A6FA-3BFA-4487-93DC-7A2249B1DB84}.Release|Any CPU.ActiveCfg = Release|Any CPU
		{0C95A6FA-3BFA-4487-93DC-7A2249B1DB84}.Release|Any CPU.Build.0 = Release|Any CPU
	EndGlobalSection
	GlobalSection(SolutionProperties) = preSolution
		HideSolutionNode = FALSE
	EndGlobalSection
	GlobalSection(ExtensibilityGlobals) = postSolution
		SolutionGuid = {08DBC73E-771F-4525-B94F-342BFC5830B8}
	EndGlobalSection
EndGlobal
