
Microsoft Visual Studio Solution File, Format Version 12.00
# Visual Studio Version 17
VisualStudioVersion = 17.5.002.0
MinimumVisualStudioVersion = 10.0.40219.1
Project("{9A19103F-16F7-4668-BE54-9A1E7A4F7556}") = "ConsoleApp1", "ConsoleApp1.csproj", "{8DD0BBB3-F730-4CFF-A8A5-ADF856A9779B}"
EndProject
Global
	GlobalSection(SolutionConfigurationPlatforms) = preSolution
		Debug|Any CPU = Debug|Any CPU
		Release|Any CPU = Release|Any CPU
	EndGlobalSection
	GlobalSection(ProjectConfigurationPlatforms) = postSolution
		{8DD0BBB3-F730-4CFF-A8A5-ADF856A9779B}.Debug|Any CPU.ActiveCfg = Debug|Any CPU
		{8DD0BBB3-F730-4CFF-A8A5-ADF856A9779B}.Debug|Any CPU.Build.0 = Debug|Any CPU
		{8DD0BBB3-F730-4CFF-A8A5-ADF856A9779B}.Release|Any CPU.ActiveCfg = Release|Any CPU
		{8DD0BBB3-F730-4CFF-A8A5-ADF856A9779B}.Release|Any CPU.Build.0 = Release|Any CPU
	EndGlobalSection
	GlobalSection(SolutionProperties) = preSolution
		HideSolutionNode = FALSE
	EndGlobalSection
	GlobalSection(ExtensibilityGlobals) = postSolution
		SolutionGuid = {A819C712-30AB-4F6E-A242-2EF7FC7D51DF}
	EndGlobalSection
EndGlobal
