
Microsoft Visual Studio Solution File, Format Version 12.00
# Visual Studio Version 17
VisualStudioVersion = 17.10.35027.167
MinimumVisualStudioVersion = 10.0.40219.1
Project("{FAE04EC0-301F-11D3-BF4B-00C04F79EFBC}") = "Amira_Training_WeekOne", "Amira_Training_WeekOne\Amira_Training_WeekOne.csproj", "{7F1C0CE6-E7B2-4424-8E10-F7AAE3312F91}"
EndProject
Global
	GlobalSection(SolutionConfigurationPlatforms) = preSolution
		Debug|Any CPU = Debug|Any CPU
		Release|Any CPU = Release|Any CPU
	EndGlobalSection
	GlobalSection(ProjectConfigurationPlatforms) = postSolution
		{7F1C0CE6-E7B2-4424-8E10-F7AAE3312F91}.Debug|Any CPU.ActiveCfg = Debug|Any CPU
		{7F1C0CE6-E7B2-4424-8E10-F7AAE3312F91}.Debug|Any CPU.Build.0 = Debug|Any CPU
		{7F1C0CE6-E7B2-4424-8E10-F7AAE3312F91}.Release|Any CPU.ActiveCfg = Release|Any CPU
		{7F1C0CE6-E7B2-4424-8E10-F7AAE3312F91}.Release|Any CPU.Build.0 = Release|Any CPU
	EndGlobalSection
	GlobalSection(SolutionProperties) = preSolution
		HideSolutionNode = FALSE
	EndGlobalSection
	GlobalSection(ExtensibilityGlobals) = postSolution
		SolutionGuid = {ADE30FCD-8ADB-4F17-BD05-C2440C75B990}
	EndGlobalSection
EndGlobal
